Microsoft Visual Studio Solution File, Format Version 12.00
# Visual Studio Version 17
VisualStudioVersion = 17.0.31903.59
MinimumVisualStudioVersion = 10.0.40219.1
Project("{FAE04EC0-301F-11D3-BF4B-00C04F79EFBC}") = "AssignmentManagement.Api", "backend\AssignmentManagement.Api\AssignmentManagement.Api.csproj", "{8D2113E0-5821-49AC-9128-4B2054F1D4DA}"
EndProject
Project("{FAE04EC0-301F-11D3-BF4B-00C04F79EFBC}") = "AssignmentManagement.Tests", "backend\AssignmentManagement.Tests\AssignmentManagement.Tests.csproj", "{291A7B85-C622-4985-A149-7831187A2D6A}"
EndProject
Global
    GlobalSection(SolutionConfigurationPlatforms) = preSolution
        Debug|Any CPU = Debug|Any CPU
        Release|Any CPU = Release|Any CPU
    EndGlobalSection
    GlobalSection(ProjectConfigurationPlatforms) = postSolution
        {8D2113E0-5821-49AC-9128-4B2054F1D4DA}.Debug|Any CPU.ActiveCfg = Debug|Any CPU
        {8D2113E0-5821-49AC-9128-4B2054F1D4DA}.Debug|Any CPU.Build.0 = Debug|Any CPU
        {8D2113E0-5821-49AC-9128-4B2054F1D4DA}.Release|Any CPU.ActiveCfg = Release|Any CPU
        {8D2113E0-5821-49AC-9128-4B2054F1D4DA}.Release|Any CPU.Build.0 = Release|Any CPU
        {291A7B85-C622-4985-A149-7831187A2D6A}.Debug|Any CPU.ActiveCfg = Debug|Any CPU
        {291A7B85-C622-4985-A149-7831187A2D6A}.Debug|Any CPU.Build.0 = Debug|Any CPU
        {291A7B85-C622-4985-A149-7831187A2D6A}.Release|Any CPU.ActiveCfg = Release|Any CPU
        {291A7B85-C622-4985-A149-7831187A2D6A}.Release|Any CPU.Build.0 = Release|Any CPU
    EndGlobalSection
EndGlobal
